
Microsoft Visual Studio Solution File, Format Version 12.00
# Visual Studio Version 17
VisualStudioVersion = 17.5.33530.505
MinimumVisualStudioVersion = 10.0.40219.1
Project("{FAE04EC0-301F-11D3-BF4B-00C04F79EFBC}") = "Zitadel-BlazorWasm", "Zitadel-BlazorWasm\Zitadel-BlazorWasm.csproj", "{D61216A5-4A57-4D6D-963B-870FB69AFA76}"
EndProject
Global
	GlobalSection(SolutionConfigurationPlatforms) = preSolution
		Debug|Any CPU = Debug|Any CPU
		Release|Any CPU = Release|Any CPU
	EndGlobalSection
	GlobalSection(ProjectConfigurationPlatforms) = postSolution
		{D61216A5-4A57-4D6D-963B-870FB69AFA76}.Debug|Any CPU.ActiveCfg = Debug|Any CPU
		{D61216A5-4A57-4D6D-963B-870FB69AFA76}.Debug|Any CPU.Build.0 = Debug|Any CPU
		{D61216A5-4A57-4D6D-963B-870FB69AFA76}.Release|Any CPU.ActiveCfg = Release|Any CPU
		{D61216A5-4A57-4D6D-963B-870FB69AFA76}.Release|Any CPU.Build.0 = Release|Any CPU
	EndGlobalSection
	GlobalSection(SolutionProperties) = preSolution
		HideSolutionNode = FALSE
	EndGlobalSection
	GlobalSection(ExtensibilityGlobals) = postSolution
		SolutionGuid = {369ACD43-F758-4CE7-AC04-0EC26C5D68EA}
	EndGlobalSection
EndGlobal
